Microsoft Visual Studio Solution File, Format Version 10.00
# Visual Studio 2008
Project("{F184B08F-C81C-45F6-A57F-5ABD9991F28F}") = "E4565_VB.Module", "E4565_VB.Module\E4565_VB.Module.vbproj", "{BA1C8719-97B4-4188-82C6-E39981099273}"
EndProject
Project("{F184B08F-C81C-45F6-A57F-5ABD9991F28F}") = "E4565_VB.Win", "E4565_VB.Win\E4565_VB.Win.vbproj", "{6F0340F8-D283-41E1-9908-3FC16E1F5F75}"
EndProject
Global
	GlobalSection(SolutionConfigurationPlatforms) = preSolution
		Debug|Any CPU = Debug|Any CPU
		EasyTest|Any CPU = EasyTest|Any CPU
		Release|Any CPU = Release|Any CPU
	EndGlobalSection
	GlobalSection(ProjectConfigurationPlatforms) = postSolution
		{BA1C8719-97B4-4188-82C6-E39981099273}.Debug|Any CPU.ActiveCfg = Debug|Any CPU
		{BA1C8719-97B4-4188-82C6-E39981099273}.Debug|Any CPU.Build.0 = Debug|Any CPU
		{BA1C8719-97B4-4188-82C6-E39981099273}.EasyTest|Any CPU.ActiveCfg = EasyTest|Any CPU
		{BA1C8719-97B4-4188-82C6-E39981099273}.EasyTest|Any CPU.Build.0 = EasyTest|Any CPU
		{BA1C8719-97B4-4188-82C6-E39981099273}.Release|Any CPU.ActiveCfg = Release|Any CPU
		{BA1C8719-97B4-4188-82C6-E39981099273}.Release|Any CPU.Build.0 = Release|Any CPU
		{6F0340F8-D283-41E1-9908-3FC16E1F5F75}.Debug|Any CPU.ActiveCfg = Debug|Any CPU
		{6F0340F8-D283-41E1-9908-3FC16E1F5F75}.Debug|Any CPU.Build.0 = Debug|Any CPU
		{6F0340F8-D283-41E1-9908-3FC16E1F5F75}.EasyTest|Any CPU.ActiveCfg = EasyTest|Any CPU
		{6F0340F8-D283-41E1-9908-3FC16E1F5F75}.EasyTest|Any CPU.Build.0 = EasyTest|Any CPU
		{6F0340F8-D283-41E1-9908-3FC16E1F5F75}.Release|Any CPU.ActiveCfg = Release|Any CPU
		{6F0340F8-D283-41E1-9908-3FC16E1F5F75}.Release|Any CPU.Build.0 = Release|Any CPU
	EndGlobalSection
	GlobalSection(SolutionProperties) = preSolution
		HideSolutionNode = FALSE
	EndGlobalSection
EndGlobal
